<?xml version="1.0" encoding="utf-8"?>
<Project ToolsVersion="4.0" xmlns="http://schemas.microsoft.com/developer/msbuild/2003">
  <ItemGroup>
    <Filter Include="Source Files">
      <UniqueIdentifier>{4FC737F1-C7A5-4376-A066-2A32D752A2FF}</UniqueIdentifier>
      <Extensions>cpp;c;cc;cxx;def;odl;idl;hpj;bat;asm;asmx</Extensions>
    </Filter>
    <Filter Include="Header Files">
      <UniqueIdentifier>{93995380-89BD-4b04-88EB-625FBE52EBFB}</UniqueIdentifier>
      <Extensions>h;hh;hpp;hxx;hm;inl;inc;ipp;xsd</Extensions>
    </Filter>
    <Filter Include="Resource Files">
      <UniqueIdentifier>{67DA6AB6-F800-4c08-8B7A-83BB121AAD01}</UniqueIdentifier>
      <Extensions>rc;ico;cur;bmp;dlg;rc2;rct;bin;rgs;gif;jpg;jpeg;jpe;resx;tiff;tif;png;wav;mfcribbon-ms</Extensions>
    </Filter>
  </ItemGroup>
  <ItemGroup>
    <ClCompile Include="loadTensors.cpp">
      <Filter>Source Files</Filter>
    </ClCompile>
    <ClCompile Include="quantact_testbench.cpp">
      <Filter>Source Files</Filter>
    </ClCompile>
    <ClCompile Include="quantact_xl.cpp">
      <Filter>Source Files</Filter>
    </ClCompile>
    <ClCompile Include="softmax.cpp">
      <Filter>Source Files</Filter>
    </ClCompile>
    <ClCompile Include="quantact.cpp">
      <Filter>Source Files</Filter>
    </ClCompile>
    <ClCompile Include="crosstype_tensors.cpp">
      <Filter>Source Files</Filter>
    </ClCompile>
    <ClCompile Include="sentence_encoder_layer.cpp">
      <Filter>Source Files</Filter>
    </ClCompile>
    <ClCompile Include="IntGELU.cpp">
      <Filter>Source Files</Filter>
    </ClCompile>
    <ClCompile Include="QuantLinear.cpp">
      <Filter>Source Files</Filter>
    </ClCompile>
    <ClCompile Include="IntLayerNorm.cpp">
      <Filter>Source Files</Filter>
    </ClCompile>
    <ClCompile Include="multiheadAttention.cpp">
      <Filter>Source Files</Filter>
    </ClCompile>
    <ClCompile Include="tensor3d.cpp">
      <Filter>Source Files</Filter>
    </ClCompile>
    <ClCompile Include="tensor3dXL.cpp">
      <Filter>Source Files</Filter>
    </ClCompile>
    <ClCompile Include="tensors.cpp">
      <Filter>Source Files</Filter>
    </ClCompile>
    <ClCompile Include="tensorXL.cpp">
      <Filter>Source Files</Filter>
    </ClCompile>
  </ItemGroup>
  <ItemGroup>
    <ClInclude Include="crosstype_tensors.h">
      <Filter>Header Files</Filter>
    </ClInclude>
    <ClInclude Include="hubertEnums.h">
      <Filter>Header Files</Filter>
    </ClInclude>
    <ClInclude Include="IntGELU.h">
      <Filter>Header Files</Filter>
    </ClInclude>
    <ClInclude Include="IntLayerNorm.h">
      <Filter>Header Files</Filter>
    </ClInclude>
    <ClInclude Include="loadTensors.h">
      <Filter>Header Files</Filter>
    </ClInclude>
    <ClInclude Include="multiheadAttention.h">
      <Filter>Header Files</Filter>
    </ClInclude>
    <ClInclude Include="quantact.h">
      <Filter>Header Files</Filter>
    </ClInclude>
    <ClInclude Include="quantact_xl.h">
      <Filter>Header Files</Filter>
    </ClInclude>
    <ClInclude Include="QuantLinear.h">
      <Filter>Header Files</Filter>
    </ClInclude>
    <ClInclude Include="sentence_encoder_layer.h">
      <Filter>Header Files</Filter>
    </ClInclude>
    <ClInclude Include="softmax.h">
      <Filter>Header Files</Filter>
    </ClInclude>
    <ClInclude Include="tensor_mmm.h">
      <Filter>Header Files</Filter>
    </ClInclude>
    <ClInclude Include="tensor_mmm_xl.h">
      <Filter>Header Files</Filter>
    </ClInclude>
    <ClInclude Include="tensor_mult.h">
      <Filter>Header Files</Filter>
    </ClInclude>
    <ClInclude Include="tensor_mult_xl.h">
      <Filter>Header Files</Filter>
    </ClInclude>
    <ClInclude Include="tensor3d.h">
      <Filter>Header Files</Filter>
    </ClInclude>
    <ClInclude Include="tensor3dXL.h">
      <Filter>Header Files</Filter>
    </ClInclude>
    <ClInclude Include="tensors.h">
      <Filter>Header Files</Filter>
    </ClInclude>
    <ClInclude Include="tensorXL.h">
      <Filter>Header Files</Filter>
    </ClInclude>
  </ItemGroup>
</Project>